
Microsoft Visual Studio Solution File, Format Version 12.00
# Visual Studio Version 16
VisualStudioVersion = 16.0.30011.22
MinimumVisualStudioVersion = 10.0.40219.1
Project("{FAE04EC0-301F-11D3-BF4B-00C04F79EFBC}") = "AppImageGenerator", "AppImageGenerator\AppImageGenerator.csproj", "{3BA82C96-B2F9-4136-9004-76AAF071E969}"
EndProject
Project("{FAE04EC0-301F-11D3-BF4B-00C04F79EFBC}") = "SourceManager", "SourceManager\SourceManager.csproj", "{2F6BAF0D-7FEF-4581-A84B-FE83EF3EC27D}"
EndProject
Project("{FAE04EC0-301F-11D3-BF4B-00C04F79EFBC}") = "DocParser", "DocParser\DocParser.csproj", "{6200C709-73F2-4064-B639-CE8396F5B6F6}"
EndProject
Project("{FAE04EC0-301F-11D3-BF4B-00C04F79EFBC}") = "CsPotrace", "CsPotrace\CsPotrace.csproj", "{A1941C8F-4B5C-4610-84B5-A57CC66D31D5}"
EndProject
Global
	GlobalSection(SolutionConfigurationPlatforms) = preSolution
		Debug|Any CPU = Debug|Any CPU
		Release|Any CPU = Release|Any CPU
	EndGlobalSection
	GlobalSection(ProjectConfigurationPlatforms) = postSolution
		{3BA82C96-B2F9-4136-9004-76AAF071E969}.Debug|Any CPU.ActiveCfg = Debug|Any CPU
		{3BA82C96-B2F9-4136-9004-76AAF071E969}.Debug|Any CPU.Build.0 = Debug|Any CPU
		{3BA82C96-B2F9-4136-9004-76AAF071E969}.Release|Any CPU.ActiveCfg = Release|Any CPU
		{3BA82C96-B2F9-4136-9004-76AAF071E969}.Release|Any CPU.Build.0 = Release|Any CPU
		{2F6BAF0D-7FEF-4581-A84B-FE83EF3EC27D}.Debug|Any CPU.ActiveCfg = Debug|Any CPU
		{2F6BAF0D-7FEF-4581-A84B-FE83EF3EC27D}.Debug|Any CPU.Build.0 = Debug|Any CPU
		{2F6BAF0D-7FEF-4581-A84B-FE83EF3EC27D}.Release|Any CPU.ActiveCfg = Release|Any CPU
		{2F6BAF0D-7FEF-4581-A84B-FE83EF3EC27D}.Release|Any CPU.Build.0 = Release|Any CPU
		{6200C709-73F2-4064-B639-CE8396F5B6F6}.Debug|Any CPU.ActiveCfg = Debug|Any CPU
		{6200C709-73F2-4064-B639-CE8396F5B6F6}.Debug|Any CPU.Build.0 = Debug|Any CPU
		{6200C709-73F2-4064-B639-CE8396F5B6F6}.Release|Any CPU.ActiveCfg = Release|Any CPU
		{6200C709-73F2-4064-B639-CE8396F5B6F6}.Release|Any CPU.Build.0 = Release|Any CPU
		{A1941C8F-4B5C-4610-84B5-A57CC66D31D5}.Debug|Any CPU.ActiveCfg = Debug|Any CPU
		{A1941C8F-4B5C-4610-84B5-A57CC66D31D5}.Debug|Any CPU.Build.0 = Debug|Any CPU
		{A1941C8F-4B5C-4610-84B5-A57CC66D31D5}.Release|Any CPU.ActiveCfg = Release|Any CPU
		{A1941C8F-4B5C-4610-84B5-A57CC66D31D5}.Release|Any CPU.Build.0 = Release|Any CPU
	EndGlobalSection
	GlobalSection(SolutionProperties) = preSolution
		HideSolutionNode = FALSE
	EndGlobalSection
	GlobalSection(ExtensibilityGlobals) = postSolution
		SolutionGuid = {0737BF8E-F5A2-43A4-9EFF-C4B0DBA2ECA9}
	EndGlobalSection
EndGlobal
